
Microsoft Visual Studio Solution File, Format Version 12.00
# Visual Studio Version 16
VisualStudioVersion = 16.0.31702.278
MinimumVisualStudioVersion = 10.0.40219.1
Project("{9A19103F-16F7-4668-BE54-9A1E7A4F7556}") = "POSTTest", "POSTTest.csproj", "{45F2CCEC-5075-4C96-A567-4A6745D42928}"
EndProject
Global
	GlobalSection(SolutionConfigurationPlatforms) = preSolution
		Debug|Any CPU = Debug|Any CPU
		Release|Any CPU = Release|Any CPU
	EndGlobalSection
	GlobalSection(ProjectConfigurationPlatforms) = postSolution
		{45F2CCEC-5075-4C96-A567-4A6745D42928}.Debug|Any CPU.ActiveCfg = Debug|Any CPU
		{45F2CCEC-5075-4C96-A567-4A6745D42928}.Debug|Any CPU.Build.0 = Debug|Any CPU
		{45F2CCEC-5075-4C96-A567-4A6745D42928}.Release|Any CPU.ActiveCfg = Release|Any CPU
		{45F2CCEC-5075-4C96-A567-4A6745D42928}.Release|Any CPU.Build.0 = Release|Any CPU
	EndGlobalSection
	GlobalSection(SolutionProperties) = preSolution
		HideSolutionNode = FALSE
	EndGlobalSection
	GlobalSection(ExtensibilityGlobals) = postSolution
		SolutionGuid = {498BB122-4910-4442-BCD1-143B837B1ED6}
	EndGlobalSection
EndGlobal
